
Microsoft Visual Studio Solution File, Format Version 12.00
# Visual Studio 15
VisualStudioVersion = 15.0.27130.2020
MinimumVisualStudioVersion = 10.0.40219.1
Project("{FAE04EC0-301F-11D3-BF4B-00C04F79EFBC}") = "CarERP", "CarERP\CarERP.csproj", "{FB8F0528-16FD-4586-A1A4-884B1DB4A18C}"
EndProject
Global
	GlobalSection(SolutionConfigurationPlatforms) = preSolution
		Debug|Any CPU = Debug|Any CPU
		Release|Any CPU = Release|Any CPU
	EndGlobalSection
	GlobalSection(ProjectConfigurationPlatforms) = postSolution
		{FB8F0528-16FD-4586-A1A4-884B1DB4A18C}.Debug|Any CPU.ActiveCfg = Debug|Any CPU
		{FB8F0528-16FD-4586-A1A4-884B1DB4A18C}.Debug|Any CPU.Build.0 = Debug|Any CPU
		{FB8F0528-16FD-4586-A1A4-884B1DB4A18C}.Release|Any CPU.ActiveCfg = Release|Any CPU
		{FB8F0528-16FD-4586-A1A4-884B1DB4A18C}.Release|Any CPU.Build.0 = Release|Any CPU
	EndGlobalSection
	GlobalSection(SolutionProperties) = preSolution
		HideSolutionNode = FALSE
	EndGlobalSection
	GlobalSection(ExtensibilityGlobals) = postSolution
		SolutionGuid = {ABB2ADCF-ECE3-4F49-AD72-6640562A39E8}
	EndGlobalSection
EndGlobal
